
Microsoft Visual Studio Solution File, Format Version 12.00
# Visual Studio Version 16
VisualStudioVersion = 16.0.31624.102
MinimumVisualStudioVersion = 10.0.40219.1
Project("{9A19103F-16F7-4668-BE54-9A1E7A4F7556}") = "FysioAppUX", "FysioAppUX.csproj", "{BE1E42EC-ECF4-44D4-9198-20704658E797}"
EndProject
Project("{9A19103F-16F7-4668-BE54-9A1E7A4F7556}") = "FysioApp.Test", "..\FysioApp.Test\FysioApp.Test.csproj", "{4B329F37-EFDB-4FE9-9FA7-BFC6B533208D}"
EndProject
Project("{9A19103F-16F7-4668-BE54-9A1E7A4F7556}") = "DatabaseHandler", "..\DatabaseHandler\DatabaseHandler.csproj", "{C0B05316-AE52-488D-AA10-92402CD0C2FE}"
EndProject
Project("{FAE04EC0-301F-11D3-BF4B-00C04F79EFBC}") = "VerkisListDatabaseHandler", "..\VerkisListDatabaseHandler\VerkisListDatabaseHandler.csproj", "{C358DF24-12F9-4566-8D82-83658AAB5C3D}"
EndProject
Global
	GlobalSection(SolutionConfigurationPlatforms) = preSolution
		Debug|Any CPU = Debug|Any CPU
		Release|Any CPU = Release|Any CPU
	EndGlobalSection
	GlobalSection(ProjectConfigurationPlatforms) = postSolution
		{BE1E42EC-ECF4-44D4-9198-20704658E797}.Debug|Any CPU.ActiveCfg = Debug|Any CPU
		{BE1E42EC-ECF4-44D4-9198-20704658E797}.Debug|Any CPU.Build.0 = Debug|Any CPU
		{BE1E42EC-ECF4-44D4-9198-20704658E797}.Release|Any CPU.ActiveCfg = Release|Any CPU
		{BE1E42EC-ECF4-44D4-9198-20704658E797}.Release|Any CPU.Build.0 = Release|Any CPU
		{4B329F37-EFDB-4FE9-9FA7-BFC6B533208D}.Debug|Any CPU.ActiveCfg = Debug|Any CPU
		{4B329F37-EFDB-4FE9-9FA7-BFC6B533208D}.Debug|Any CPU.Build.0 = Debug|Any CPU
		{4B329F37-EFDB-4FE9-9FA7-BFC6B533208D}.Release|Any CPU.ActiveCfg = Release|Any CPU
		{4B329F37-EFDB-4FE9-9FA7-BFC6B533208D}.Release|Any CPU.Build.0 = Release|Any CPU
		{C0B05316-AE52-488D-AA10-92402CD0C2FE}.Debug|Any CPU.ActiveCfg = Debug|Any CPU
		{C0B05316-AE52-488D-AA10-92402CD0C2FE}.Debug|Any CPU.Build.0 = Debug|Any CPU
		{C0B05316-AE52-488D-AA10-92402CD0C2FE}.Release|Any CPU.ActiveCfg = Release|Any CPU
		{C0B05316-AE52-488D-AA10-92402CD0C2FE}.Release|Any CPU.Build.0 = Release|Any CPU
		{C358DF24-12F9-4566-8D82-83658AAB5C3D}.Debug|Any CPU.ActiveCfg = Debug|Any CPU
		{C358DF24-12F9-4566-8D82-83658AAB5C3D}.Debug|Any CPU.Build.0 = Debug|Any CPU
		{C358DF24-12F9-4566-8D82-83658AAB5C3D}.Release|Any CPU.ActiveCfg = Release|Any CPU
		{C358DF24-12F9-4566-8D82-83658AAB5C3D}.Release|Any CPU.Build.0 = Release|Any CPU
	EndGlobalSection
	GlobalSection(SolutionProperties) = preSolution
		HideSolutionNode = FALSE
	EndGlobalSection
	GlobalSection(ExtensibilityGlobals) = postSolution
		SolutionGuid = {3C1939B4-BBAF-4EFA-AACB-C8D8639345EA}
	EndGlobalSection
EndGlobal
